
Microsoft Visual Studio Solution File, Format Version 12.00
# Visual Studio Version 17
VisualStudioVersion = 17.9.34714.143
MinimumVisualStudioVersion = 10.0.40219.1
Project("{FAE04EC0-301F-11D3-BF4B-00C04F79EFBC}") = "Git", "Git\Git.csproj", "{7A75285A-A3BF-4CCE-BB27-828E7EE71CF4}"
EndProject
Global
	GlobalSection(SolutionConfigurationPlatforms) = preSolution
		Debug|Any CPU = Debug|Any CPU
		Release|Any CPU = Release|Any CPU
	EndGlobalSection
	GlobalSection(ProjectConfigurationPlatforms) = postSolution
		{7A75285A-A3BF-4CCE-BB27-828E7EE71CF4}.Debug|Any CPU.ActiveCfg = Debug|Any CPU
		{7A75285A-A3BF-4CCE-BB27-828E7EE71CF4}.Debug|Any CPU.Build.0 = Debug|Any CPU
		{7A75285A-A3BF-4CCE-BB27-828E7EE71CF4}.Release|Any CPU.ActiveCfg = Release|Any CPU
		{7A75285A-A3BF-4CCE-BB27-828E7EE71CF4}.Release|Any CPU.Build.0 = Release|Any CPU
	EndGlobalSection
	GlobalSection(SolutionProperties) = preSolution
		HideSolutionNode = FALSE
	EndGlobalSection
	GlobalSection(ExtensibilityGlobals) = postSolution
		SolutionGuid = {0E7317B9-C19D-45C1-B92D-DC7886F3FC1C}
	EndGlobalSection
EndGlobal
